
Microsoft Visual Studio Solution File, Format Version 11.00
# Visual Studio 2010
Project("{FAE04EC0-301F-11D3-BF4B-00C04F79EFBC}") = "Assembly-CSharp", "Assembly-CSharp.csproj", "{71383C70-4D44-176A-17E1-73C1BF2E3CD1}"
EndProject
Project("{FAE04EC0-301F-11D3-BF4B-00C04F79EFBC}") = "Assembly-CSharp-Editor", "Assembly-CSharp-Editor.csproj", "{F7E51146-BBA3-4EE7-B645-D0C0F78C6C14}"
EndProject
Global
	GlobalSection(SolutionConfigurationPlatforms) = preSolution
		Debug|Any CPU = Debug|Any CPU
		Release|Any CPU = Release|Any CPU
	EndGlobalSection
	GlobalSection(ProjectConfigurationPlatforms) = postSolution
		{71383C70-4D44-176A-17E1-73C1BF2E3CD1}.Debug|Any CPU.ActiveCfg = Debug|Any CPU
		{71383C70-4D44-176A-17E1-73C1BF2E3CD1}.Debug|Any CPU.Build.0 = Debug|Any CPU
		{71383C70-4D44-176A-17E1-73C1BF2E3CD1}.Release|Any CPU.ActiveCfg = Release|Any CPU
		{71383C70-4D44-176A-17E1-73C1BF2E3CD1}.Release|Any CPU.Build.0 = Release|Any CPU
		{F7E51146-BBA3-4EE7-B645-D0C0F78C6C14}.Debug|Any CPU.ActiveCfg = Debug|Any CPU
		{F7E51146-BBA3-4EE7-B645-D0C0F78C6C14}.Debug|Any CPU.Build.0 = Debug|Any CPU
		{F7E51146-BBA3-4EE7-B645-D0C0F78C6C14}.Release|Any CPU.ActiveCfg = Release|Any CPU
		{F7E51146-BBA3-4EE7-B645-D0C0F78C6C14}.Release|Any CPU.Build.0 = Release|Any CPU
	EndGlobalSection
	GlobalSection(SolutionProperties) = preSolution
		HideSolutionNode = FALSE
	EndGlobalSection
	GlobalSection(MonoDevelopProperties) = preSolution
		StartupItem = Assembly-CSharp.csproj
	EndGlobalSection
EndGlobal
